// !$*UTF8*$!
{
	archiveVersion = 1;
	classes = {
	};
	objectVersion = 50;
	objects = {

/* Begin PBXBuildFile section */
		3B29F8B2258F788E008F1D83 /* AppDelegate.swift in Sources */ = {isa = PBXBuildFile; fileRef = 3B29F8B1258F788E008F1D83 /* AppDelegate.swift */; };
		3B29F8B4258F788E008F1D83 /* SceneDelegate.swift in Sources */ = {isa = PBXBuildFile; fileRef = 3B29F8B3258F788E008F1D83 /* SceneDelegate.swift */; };
		3B29F8B6258F788E008F1D83 /* ViewController.swift in Sources */ = {isa = PBXBuildFile; fileRef = 3B29F8B5258F788E008F1D83 /* ViewController.swift */; };
		3B29F8B9258F788E008F1D83 /* Main.storyboard in Resources */ = {isa = PBXBuildFile; fileRef = 3B29F8B7258F788E008F1D83 /* Main.storyboard */; };
		3B29F8BB258F7891008F1D83 /* Assets.xcassets in Resources */ = {isa = PBXBuildFile; fileRef = 3B29F8BA258F7891008F1D83 /* Assets.xcassets */; };
		3B29F8BE258F7891008F1D83 /* LaunchScreen.storyboard in Resources */ = {isa = PBXBuildFile; fileRef = 3B29F8BC258F7891008F1D83 /* LaunchScreen.storyboard */; };
		3B8117D22591F44D00577695 /* SoundFile.swift in Sources */ = {isa = PBXBuildFile; fileRef = 3B8117D12591F44D00577695 /* SoundFile.swift */; };
		3B94D9632590E88900D32FEB /* ImagesModel.swift in Sources */ = {isa = PBXBuildFile; fileRef = 3B94D9622590E88900D32FEB /* ImagesModel.swift */; };
		3B94D9662590E9C600D32FEB /* ImagesList.swift in Sources */ = {isa = PBXBuildFile; fileRef = 3B94D9652590E9C600D32FEB /* ImagesList.swift */; };
		3BAE35212593730700681064 /* WithoutMP3.swift in Sources */ = {isa = PBXBuildFile; fileRef = 3BAE35202593730700681064 /* WithoutMP3.swift */; };
		3BAE35242593761000681064 /* ChangeColor.swift in Sources */ = {isa = PBXBuildFile; fileRef = 3BAE35232593761000681064 /* ChangeColor.swift */; };
		3BEB0308258F7B010060364E /* batsuSound.mp3 in Resources */ = {isa = PBXBuildFile; fileRef = 3BEB0305258F7B010060364E /* batsuSound.mp3 */; };
		3BEB0309258F7B010060364E /* sound.mp3 in Resources */ = {isa = PBXBuildFile; fileRef = 3BEB0306258F7B010060364E /* sound.mp3 */; };
		3BEB030A258F7B010060364E /* maruSound.mp3 in Resources */ = {isa = PBXBuildFile; fileRef = 3BEB0307258F7B010060364E /* maruSound.mp3 */; };
		3BEB0310258F7D7F0060364E /* NextViewController.swift in Sources */ = {isa = PBXBuildFile; fileRef = 3BEB030F258F7D7F0060364E /* NextViewController.swift */; };
/* End PBXBuildFile section */

/* Begin PBXFileReference section */
		3B29F8AE258F788E008F1D83 /* QuizApp1.app */ = {isa = PBXFileReference; explicitFileType = wrapper.application; includeInIndex = 0; path = QuizApp1.app; sourceTree = BUILT_PRODUCTS_DIR; };
		3B29F8B1258F788E008F1D83 /* AppDelegate.swift */ = {isa = PBXFileReference; lastKnownFileType = sourcecode.swift; path = AppDelegate.swift; sourceTree = "<group>"; };
		3B29F8B3258F788E008F1D83 /* SceneDelegate.swift */ = {isa = PBXFileReference; lastKnownFileType = sourcecode.swift; path = SceneDelegate.swift; sourceTree = "<group>"; };
		3B29F8B5258F788E008F1D83 /* ViewController.swift */ = {isa = PBXFileReference; lastKnownFileType = sourcecode.swift; path = ViewController.swift; sourceTree = "<group>"; };
		3B29F8B8258F788E008F1D83 /* Base */ = {isa = PBXFileReference; lastKnownFileType = file.storyboard; name = Base; path = Base.lproj/Main.storyboard; sourceTree = "<group>"; };
		3B29F8BA258F7891008F1D83 /* Assets.xcassets */ = {isa = PBXFileReference; lastKnownFileType = folder.assetcatalog; path = Assets.xcassets; sourceTree = "<group>"; };
		3B29F8BD258F7891008F1D83 /* Base */ = {isa = PBXFileReference; lastKnownFileType = file.storyboard; name = Base; path = Base.lproj/LaunchScreen.storyboard; sourceTree = "<group>"; };
		3B29F8BF258F7891008F1D83 /* Info.plist */ = {isa = PBXFileReference; lastKnownFileType = text.plist.xml; path = Info.plist; sourceTree = "<group>"; };
		3B8117D12591F44D00577695 /* SoundFile.swift */ = {isa = PBXFileReference; lastKnownFileType = sourcecode.swift; path = SoundFile.swift; sourceTree = "<group>"; };
		3B94D9622590E88900D32FEB /* ImagesModel.swift */ = {isa = PBXFileReference; lastKnownFileType = sourcecode.swift; path = ImagesModel.swift; sourceTree = "<group>"; };
		3B94D9652590E9C600D32FEB /* ImagesList.swift */ = {isa = PBXFileReference; lastKnownFileType = sourcecode.swift; path = ImagesList.swift; sourceTree = "<group>"; };
		3BAE35202593730700681064 /* WithoutMP3.swift */ = {isa = PBXFileReference; lastKnownFileType = sourcecode.swift; path = WithoutMP3.swift; sourceTree = "<group>"; };
		3BAE35232593761000681064 /* ChangeColor.swift */ = {isa = PBXFileReference; lastKnownFileType = sourcecode.swift; path = ChangeColor.swift; sourceTree = "<group>"; };
		3BEB0305258F7B010060364E /* batsuSound.mp3 */ = {isa = PBXFileReference; lastKnownFileType = audio.mp3; name = batsuSound.mp3; path = "../../../Downloads/Resources/iOS14画像集/QuestionApp1素材/batsuSound.mp3"; sourceTree = "<group>"; };
		3BEB0306258F7B010060364E /* sound.mp3 */ = {isa = PBXFileReference; lastKnownFileType = audio.mp3; name = sound.mp3; path = "../../../Downloads/Resources/iOS14画像集/QuestionApp1素材/sound.mp3"; sourceTree = "<group>"; };
		3BEB0307258F7B010060364E /* maruSound.mp3 */ = {isa = PBXFileReference; lastKnownFileType = audio.mp3; name = maruSound.mp3; path = "../../../Downloads/Resources/iOS14画像集/QuestionApp1素材/maruSound.mp3"; sourceTree = "<group>"; };
		3BEB030F258F7D7F0060364E /* NextViewController.swift */ = {isa = PBXFileReference; lastKnownFileType = sourcecode.swift; path = NextViewController.swift; sourceTree = "<group>"; };
/* End PBXFileReference section */

/* Begin PBXFrameworksBuildPhase section */
		3B29F8AB258F788E008F1D83 /* Frameworks */ = {
			isa = PBXFrameworksBuildPhase;
			buildActionMask = 2147483647;
			files = (
			);
			runOnlyForDeploymentPostprocessing = 0;
		};
/* End PBXFrameworksBuildPhase section */

/* Begin PBXGroup section */
		3B29F8A5258F788E008F1D83 = {
			isa = PBXGroup;
			children = (
				3B29F8B0258F788E008F1D83 /* QuizApp1 */,
				3B29F8AF258F788E008F1D83 /* Products */,
			);
			sourceTree = "<group>";
		};
		3B29F8AF258F788E008F1D83 /* Products */ = {
			isa = PBXGroup;
			children = (
				3B29F8AE258F788E008F1D83 /* QuizApp1.app */,
			);
			name = Products;
			sourceTree = "<group>";
		};
		3B29F8B0258F788E008F1D83 /* QuizApp1 */ = {
			isa = PBXGroup;
			children = (
				3BEB030C258F7CB60060364E /* Model */,
				3BEB030D258F7CC60060364E /* View */,
				3BEB030E258F7CD10060364E /* Controller */,
				3B29F8BC258F7891008F1D83 /* LaunchScreen.storyboard */,
				3BEB0305258F7B010060364E /* batsuSound.mp3 */,
				3BEB0307258F7B010060364E /* maruSound.mp3 */,
				3BEB0306258F7B010060364E /* sound.mp3 */,
				3B29F8BF258F7891008F1D83 /* Info.plist */,
			);
			path = QuizApp1;
			sourceTree = "<group>";
		};
		3BEB030C258F7CB60060364E /* Model */ = {
			isa = PBXGroup;
			children = (
				3B94D9622590E88900D32FEB /* ImagesModel.swift */,
				3BAE35232593761000681064 /* ChangeColor.swift */,
				3B8117D12591F44D00577695 /* SoundFile.swift */,
				3BAE35202593730700681064 /* WithoutMP3.swift */,
				3B94D9652590E9C600D32FEB /* ImagesList.swift */,
			);
			path = Model;
			sourceTree = "<group>";
		};
		3BEB030D258F7CC60060364E /* View */ = {
			isa = PBXGroup;
			children = (
				3B29F8B7258F788E008F1D83 /* Main.storyboard */,
				3B29F8BA258F7891008F1D83 /* Assets.xcassets */,
			);
			path = View;
			sourceTree = "<group>";
		};
		3BEB030E258F7CD10060364E /* Controller */ = {
			isa = PBXGroup;
			children = (
				3B29F8B1258F788E008F1D83 /* AppDelegate.swift */,
				3B29F8B3258F788E008F1D83 /* SceneDelegate.swift */,
				3B29F8B5258F788E008F1D83 /* ViewController.swift */,
				3BEB030F258F7D7F0060364E /* NextViewController.swift */,
			);
			path = Controller;
			sourceTree = "<group>";
		};
/* End PBXGroup section */

/* Begin PBXNativeTarget section */
		3B29F8AD258F788E008F1D83 /* QuizApp1 */ = {
			isa = PBXNativeTarget;
			buildConfigurationList = 3B29F8C2258F7891008F1D83 /* Build configuration list for PBXNativeTarget "QuizApp1" */;
			buildPhases = (
				3B29F8AA258F788E008F1D83 /* Sources */,
				3B29F8AB258F788E008F1D83 /* Frameworks */,
				3B29F8AC258F788E008F1D83 /* Resources */,
			);
			buildRules = (
			);
			dependencies = (
			);
			name = QuizApp1;
			productName = QuizApp1;
			productReference = 3B29F8AE258F788E008F1D83 /* QuizApp1.app */;
			productType = "com.apple.product-type.application";
		};
/* End PBXNativeTarget section */

/* Begin PBXProject section */
		3B29F8A6258F788E008F1D83 /* Project object */ = {
			isa = PBXProject;
			attributes = {
				LastSwiftUpdateCheck = 1210;
				LastUpgradeCheck = 1210;
				TargetAttributes = {
					3B29F8AD258F788E008F1D83 = {
						CreatedOnToolsVersion = 12.1;
					};
				};
			};
			buildConfigurationList = 3B29F8A9258F788E008F1D83 /* Build configuration list for PBXProject "QuizApp1" */;
			compatibilityVersion = "Xcode 9.3";
			developmentRegion = en;
			hasScannedForEncodings = 0;
			knownRegions = (
				en,
				Base,
			);
			mainGroup = 3B29F8A5258F788E008F1D83;
			productRefGroup = 3B29F8AF258F788E008F1D83 /* Products */;
			projectDirPath = "";
			projectRoot = "";
			targets = (
				3B29F8AD258F788E008F1D83 /* QuizApp1 */,
			);
		};
/* End PBXProject section */

/* Begin PBXResourcesBuildPhase section */
		3B29F8AC258F788E008F1D83 /* Resources */ = {
			isa = PBXResourcesBuildPhase;
			buildActionMask = 2147483647;
			files = (
				3BEB0308258F7B010060364E /* batsuSound.mp3 in Resources */,
				3B29F8BE258F7891008F1D83 /* LaunchScreen.storyboard in Resources */,
				3B29F8BB258F7891008F1D83 /* Assets.xcassets in Resources */,
				3B29F8B9258F788E008F1D83 /* Main.storyboard in Resources */,
				3BEB0309258F7B010060364E /* sound.mp3 in Resources */,
				3BEB030A258F7B010060364E /* maruSound.mp3 in Resources */,
			);
			runOnlyForDeploymentPostprocessing = 0;
		};
/* End PBXResourcesBuildPhase section */

/* Begin PBXSourcesBuildPhase section */
		3B29F8AA258F788E008F1D83 /* Sources */ = {
			isa = PBXSourcesBuildPhase;
			buildActionMask = 2147483647;
			files = (
				3B29F8B6258F788E008F1D83 /* ViewController.swift in Sources */,
				3B8117D22591F44D00577695 /* SoundFile.swift in Sources */,
				3B94D9662590E9C600D32FEB /* ImagesList.swift in Sources */,
				3BEB0310258F7D7F0060364E /* NextViewController.swift in Sources */,
				3B29F8B2258F788E008F1D83 /* AppDelegate.swift in Sources */,
				3B29F8B4258F788E008F1D83 /* SceneDelegate.swift in Sources */,
				3BAE35242593761000681064 /* ChangeColor.swift in Sources */,
				3B94D9632590E88900D32FEB /* ImagesModel.swift in Sources */,
				3BAE35212593730700681064 /* WithoutMP3.swift in Sources */,
			);
			runOnlyForDeploymentPostprocessing = 0;
		};
/* End PBXSourcesBuildPhase section */

/* Begin PBXVariantGroup section */
		3B29F8B7258F788E008F1D83 /* Main.storyboard */ = {
			isa = PBXVariantGroup;
			children = (
				3B29F8B8258F788E008F1D83 /* Base */,
			);
			name = Main.storyboard;
			sourceTree = "<group>";
		};
		3B29F8BC258F7891008F1D83 /* LaunchScreen.storyboard */ = {
			isa = PBXVariantGroup;
			children = (
				3B29F8BD258F7891008F1D83 /* Base */,
			);
			name = LaunchScreen.storyboard;
			sourceTree = "<group>";
		};
/* End PBXVariantGroup section */

/* Begin XCBuildConfiguration section */
		3B29F8C0258F7891008F1D83 /* Debug */ = {
			isa = XCBuildConfiguration;
			buildSettings = {
				ALWAYS_SEARCH_USER_PATHS = NO;
				CLANG_ANALYZER_NONNULL = YES;
				CLANG_ANALYZER_NUMBER_OBJECT_CONVERSION = YES_AGGRESSIVE;
				CLANG_CXX_LANGUAGE_STANDARD = "gnu++14";
				CLANG_CXX_LIBRARY = "libc++";
				CLANG_ENABLE_MODULES = YES;
				CLANG_ENABLE_OBJC_ARC = YES;
				CLANG_ENABLE_OBJC_WEAK = YES;
				CLANG_WARN_BLOCK_CAPTURE_AUTORELEASING = YES;
				CLANG_WARN_BOOL_CONVERSION = YES;
				CLANG_WARN_COMMA = YES;
				CLANG_WARN_CONSTANT_CONVERSION = YES;
				CLANG_WARN_DEPRECATED_OBJC_IMPLEMENTATIONS = YES;
				CLANG_WARN_DIRECT_OBJC_ISA_USAGE = YES_ERROR;
				CLANG_WARN_DOCUMENTATION_COMMENTS = YES;
				CLANG_WARN_EMPTY_BODY = YES;
				CLANG_WARN_ENUM_CONVERSION = YES;
				CLANG_WARN_INFINITE_RECURSION = YES;
				CLANG_WARN_INT_CONVERSION = YES;
				CLANG_WARN_NON_LITERAL_NULL_CONVERSION = YES;
				CLANG_WARN_OBJC_IMPLICIT_RETAIN_SELF = YES;
				CLANG_WARN_OBJC_LITERAL_CONVERSION = YES;
				CLANG_WARN_OBJC_ROOT_CLASS = YES_ERROR;
				CLANG_WARN_QUOTED_INCLUDE_IN_FRAMEWORK_HEADER = YES;
				CLANG_WARN_RANGE_LOOP_ANALYSIS = YES;
				CLANG_WARN_STRICT_PROTOTYPES = YES;
				CLANG_WARN_SUSPICIOUS_MOVE = YES;
				CLANG_WARN_UNGUARDED_AVAILABILITY = YES_AGGRESSIVE;
				CLANG_WARN_UNREACHABLE_CODE = YES;
				CLANG_WARN__DUPLICATE_METHOD_MATCH = YES;
				COPY_PHASE_STRIP = NO;
				DEBUG_INFORMATION_FORMAT = dwarf;
				ENABLE_STRICT_OBJC_MSGSEND = YES;
				ENABLE_TESTABILITY = YES;
				GCC_C_LANGUAGE_STANDARD = gnu11;
				GCC_DYNAMIC_NO_PIC = NO;
				GCC_NO_COMMON_BLOCKS = YES;
				GCC_OPTIMIZATION_LEVEL = 0;
				GCC_PREPROCESSOR_DEFINITIONS = (
					"DEBUG=1",
					"$(inherited)",
				);
				GCC_WARN_64_TO_32_BIT_CONVERSION = YES;
				GCC_WARN_ABOUT_RETURN_TYPE = YES_ERROR;
				GCC_WARN_UNDECLARED_SELECTOR = YES;
				GCC_WARN_UNINITIALIZED_AUTOS = YES_AGGRESSIVE;
				GCC_WARN_UNUSED_FUNCTION = YES;
				GCC_WARN_UNUSED_VARIABLE = YES;
				IPHONEOS_DEPLOYMENT_TARGET = 14.1;
				MTL_ENABLE_DEBUG_INFO = INCLUDE_SOURCE;
				MTL_FAST_MATH = YES;
				ONLY_ACTIVE_ARCH = YES;
				SDKROOT = iphoneos;
				SWIFT_ACTIVE_COMPILATION_CONDITIONS = DEBUG;
				SWIFT_OPTIMIZATION_LEVEL = "-Onone";
			};
			name = Debug;
		};
		3B29F8C1258F7891008F1D83 /* Release */ = {
			isa = XCBuildConfiguration;
			buildSettings = {
				ALWAYS_SEARCH_USER_PATHS = NO;
				CLANG_ANALYZER_NONNULL = YES;
				CLANG_ANALYZER_NUMBER_OBJECT_CONVERSION = YES_AGGRESSIVE;
				CLANG_CXX_LANGUAGE_STANDARD = "gnu++14";
				CLANG_CXX_LIBRARY = "libc++";
				CLANG_ENABLE_MODULES = YES;
				CLANG_ENABLE_OBJC_ARC = YES;
				CLANG_ENABLE_OBJC_WEAK = YES;
				CLANG_WARN_BLOCK_CAPTURE_AUTORELEASING = YES;
				CLANG_WARN_BOOL_CONVERSION = YES;
				CLANG_WARN_COMMA = YES;
				CLANG_WARN_CONSTANT_CONVERSION = YES;
				CLANG_WARN_DEPRECATED_OBJC_IMPLEMENTATIONS = YES;
				CLANG_WARN_DIRECT_OBJC_ISA_USAGE = YES_ERROR;
				CLANG_WARN_DOCUMENTATION_COMMENTS = YES;
				CLANG_WARN_EMPTY_BODY = YES;
				CLANG_WARN_ENUM_CONVERSION = YES;
				CLANG_WARN_INFINITE_RECURSION = YES;
				CLANG_WARN_INT_CONVERSION = YES;
				CLANG_WARN_NON_LITERAL_NULL_CONVERSION = YES;
				CLANG_WARN_OBJC_IMPLICIT_RETAIN_SELF = YES;
				CLANG_WARN_OBJC_LITERAL_CONVERSION = YES;
				CLANG_WARN_OBJC_ROOT_CLASS = YES_ERROR;
				CLANG_WARN_QUOTED_INCLUDE_IN_FRAMEWORK_HEADER = YES;
				CLANG_WARN_RANGE_LOOP_ANALYSIS = YES;
				CLANG_WARN_STRICT_PROTOTYPES = YES;
				CLANG_WARN_SUSPICIOUS_MOVE = YES;
				CLANG_WARN_UNGUARDED_AVAILABILITY = YES_AGGRESSIVE;
				CLANG_WARN_UNREACHABLE_CODE = YES;
				CLANG_WARN__DUPLICATE_METHOD_MATCH = YES;
				COPY_PHASE_STRIP = NO;
				DEBUG_INFORMATION_FORMAT = "dwarf-with-dsym";
				ENABLE_NS_ASSERTIONS = NO;
				ENABLE_STRICT_OBJC_MSGSEND = YES;
				GCC_C_LANGUAGE_STANDARD = gnu11;
				GCC_NO_COMMON_BLOCKS = YES;
				GCC_WARN_64_TO_32_BIT_CONVERSION = YES;
				GCC_WARN_ABOUT_RETURN_TYPE = YES_ERROR;
				GCC_WARN_UNDECLARED_SELECTOR = YES;
				GCC_WARN_UNINITIALIZED_AUTOS = YES_AGGRESSIVE;
				GCC_WARN_UNUSED_FUNCTION = YES;
				GCC_WARN_UNUSED_VARIABLE = YES;
				IPHONEOS_DEPLOYMENT_TARGET = 14.1;
				MTL_ENABLE_DEBUG_INFO = NO;
				MTL_FAST_MATH = YES;
				SDKROOT = iphoneos;
				SWIFT_COMPILATION_MODE = wholemodule;
				SWIFT_OPTIMIZATION_LEVEL = "-O";
				VALIDATE_PRODUCT = YES;
			};
			name = Release;
		};
		3B29F8C3258F7891008F1D83 /* Debug */ = {
			isa = XCBuildConfiguration;
			buildSettings = {
				ASSETCATALOG_COMPILER_APPICON_NAME = AppIcon;
				ASSETCATALOG_COMPILER_GLOBAL_ACCENT_COLOR_NAME = AccentColor;
				CODE_SIGN_STYLE = Automatic;
				DEVELOPMENT_TEAM = MZS6GWM7ZN;
				INFOPLIST_FILE = QuizApp1/Info.plist;
				LD_RUNPATH_SEARCH_PATHS = (
					"$(inherited)",
					"@executable_path/Frameworks",
				);
				PRODUCT_BUNDLE_IDENTIFIER = com.antk.QuizApp1;
				PRODUCT_NAME = "$(TARGET_NAME)";
				SWIFT_VERSION = 5.0;
				TARGETED_DEVICE_FAMILY = 1;
			};
			name = Debug;
		};
		3B29F8C4258F7891008F1D83 /* Release */ = {
			isa = XCBuildConfiguration;
			buildSettings = {
				ASSETCATALOG_COMPILER_APPICON_NAME = AppIcon;
				ASSETCATALOG_COMPILER_GLOBAL_ACCENT_COLOR_NAME = AccentColor;
				CODE_SIGN_STYLE = Automatic;
				DEVELOPMENT_TEAM = MZS6GWM7ZN;
				INFOPLIST_FILE = QuizApp1/Info.plist;
				LD_RUNPATH_SEARCH_PATHS = (
					"$(inherited)",
					"@executable_path/Frameworks",
				);
				PRODUCT_BUNDLE_IDENTIFIER = com.antk.QuizApp1;
				PRODUCT_NAME = "$(TARGET_NAME)";
				SWIFT_VERSION = 5.0;
				TARGETED_DEVICE_FAMILY = 1;
			};
			name = Release;
		};
/* End XCBuildConfiguration section */

/* Begin XCConfigurationList section */
		3B29F8A9258F788E008F1D83 /* Build configuration list for PBXProject "QuizApp1" */ = {
			isa = XCConfigurationList;
			buildConfigurations = (
				3B29F8C0258F7891008F1D83 /* Debug */,
				3B29F8C1258F7891008F1D83 /* Release */,
			);
			defaultConfigurationIsVisible = 0;
			defaultConfigurationName = Release;
		};
		3B29F8C2258F7891008F1D83 /* Build configuration list for PBXNativeTarget "QuizApp1" */ = {
			isa = XCConfigurationList;
			buildConfigurations = (
				3B29F8C3258F7891008F1D83 /* Debug */,
				3B29F8C4258F7891008F1D83 /* Release */,
			);
			defaultConfigurationIsVisible = 0;
			defaultConfigurationName = Release;
		};
/* End XCConfigurationList section */
	};
	rootObject = 3B29F8A6258F788E008F1D83 /* Project object */;
}
